Microsoft Visual Studio Solution File, Format Version 12.00
# Visual Studio Version 17
VisualStudioVersion = 17.5.2.0
MinimumVisualStudioVersion = 10.0.40219.1
Project("{2150E333-8FDC-42A3-9474-1A3956D46DE8}") = "labs-dotnet", "labs-dotnet", "{A54C678A-2529-7451-AB5E-920A7E77F1EA}"
EndProject
Project("{2150E333-8FDC-42A3-9474-1A3956D46DE8}") = "02-pv-agent", "02-pv-agent", "{32CE948B-2910-99FC-E879-25E57D25E025}"
EndProject
Project("{2150E333-8FDC-42A3-9474-1A3956D46DE8}") = "01-setup", "01-setup", "{F50608E2-6F40-666D-AE02-2C99C2B06CA3}"
EndProject
Project("{2150E333-8FDC-42A3-9474-1A3956D46DE8}") = "Labfiles", "Labfiles", "{0949C231-3F6B-0F68-9F76-EFA7C2E78157}"
EndProject
Project("{FAE04EC0-301F-11D3-BF4B-00C04F79EFBC}") = "SmokeTest", "labs-dotnet\02-pv-agent\01-setup\Labfiles\SmokeTest.csproj", "{2E73BD9E-DBB0-59D8-9E1C-6A95CC9F7C90}"
EndProject
Project("{2150E333-8FDC-42A3-9474-1A3956D46DE8}") = "Labfiles-finish", "Labfiles-finish", "{4A6A6DA3-28FA-85E2-1B96-3399FE9D265C}"
EndProject
Project("{FAE04EC0-301F-11D3-BF4B-00C04F79EFBC}") = "SmokeTest", "labs-dotnet\02-pv-agent\01-setup\Labfiles-finish\SmokeTest.csproj", "{13DB3DF7-CD52-DF96-6CA4-61D88BB3AB9B}"
EndProject
Project("{2150E333-8FDC-42A3-9474-1A3956D46DE8}") = "06-cosmos-db", "06-cosmos-db", "{1D8D6D25-CC0C-5674-55C3-B4DFE2179060}"
EndProject
Project("{2150E333-8FDC-42A3-9474-1A3956D46DE8}") = "Labfiles", "Labfiles", "{AC95056C-9B4E-9A83-0D66-A55F39C7AA11}"
EndProject
Project("{FAE04EC0-301F-11D3-BF4B-00C04F79EFBC}") = "PVAgent", "labs-dotnet\02-pv-agent\06-cosmos-db\Labfiles\PVAgent.csproj", "{C667333F-F689-7FA4-F13F-D25EEE3DF473}"
EndProject
Project("{2150E333-8FDC-42A3-9474-1A3956D46DE8}") = "Labfiles-finish", "Labfiles-finish", "{68FF7E82-B5F1-4953-69F9-3A7533A7B257}"
EndProject
Project("{FAE04EC0-301F-11D3-BF4B-00C04F79EFBC}") = "PVAgent", "labs-dotnet\02-pv-agent\06-cosmos-db\Labfiles-finish\PVAgent.csproj", "{10867EC1-DD7D-7A75-6566-35B2CB1F270C}"
EndProject
Project("{2150E333-8FDC-42A3-9474-1A3956D46DE8}") = "03-data-grounding", "03-data-grounding", "{EA01835A-A3EE-5A29-5607-EC2A10ACF27F}"
EndProject
Project("{2150E333-8FDC-42A3-9474-1A3956D46DE8}") = "Labfiles", "Labfiles", "{01D00A2D-0749-FEAD-3E0C-8E81F9E126E7}"
EndProject
Project("{FAE04EC0-301F-11D3-BF4B-00C04F79EFBC}") = "PVAgent", "labs-dotnet\02-pv-agent\03-data-grounding\Labfiles\PVAgent.csproj", "{280D642F-C5D2-207B-943E-CE790AF3C33B}"
EndProject
Project("{2150E333-8FDC-42A3-9474-1A3956D46DE8}") = "Labfiles-finish", "Labfiles-finish", "{B6DBA08F-CC39-A200-61DB-1E0A652516F1}"
EndProject
Project("{FAE04EC0-301F-11D3-BF4B-00C04F79EFBC}") = "PVAgent", "labs-dotnet\02-pv-agent\03-data-grounding\Labfiles-finish\PVAgent.csproj", "{E907BD6E-3C69-115E-2BD5-49E10AA487D4}"
EndProject
Project("{2150E333-8FDC-42A3-9474-1A3956D46DE8}") = "02-agent-foundation", "02-agent-foundation", "{0E79E3E9-1FC3-4EB5-A56B-36085F7BFD38}"
EndProject
Project("{2150E333-8FDC-42A3-9474-1A3956D46DE8}") = "Labfiles", "Labfiles", "{E1776326-334A-DF7D-4FE1-43EB07751BB1}"
EndProject
Project("{FAE04EC0-301F-11D3-BF4B-00C04F79EFBC}") = "PVAgent", "labs-dotnet\02-pv-agent\02-agent-foundation\Labfiles\PVAgent.csproj", "{2CFFD8E8-2ED8-8D80-7C67-23036E498F5A}"
EndProject
Project("{2150E333-8FDC-42A3-9474-1A3956D46DE8}") = "Labfiles-finish", "Labfiles-finish", "{019C53D8-60A8-D780-3668-745656312F75}"
EndProject
Project("{FAE04EC0-301F-11D3-BF4B-00C04F79EFBC}") = "PVAgent", "labs-dotnet\02-pv-agent\02-agent-foundation\Labfiles-finish\PVAgent.csproj", "{104A08C2-C7EB-A931-2DB3-849507B5C43E}"
EndProject
Project("{2150E333-8FDC-42A3-9474-1A3956D46DE8}") = "07-web-app", "07-web-app", "{6F5A951B-0E22-7D22-012A-5F895C618202}"
EndProject
Project("{2150E333-8FDC-42A3-9474-1A3956D46DE8}") = "Labfiles", "Labfiles", "{C0FC3E08-C16B-6F13-35D2-4043FD16B5EA}"
EndProject
Project("{FAE04EC0-301F-11D3-BF4B-00C04F79EFBC}") = "PVAgentWeb", "labs-dotnet\02-pv-agent\07-web-app\Labfiles\PVAgentWeb.csproj", "{EF7ED5BB-EE9E-EDD0-65A9-2C56CF4956B1}"
EndProject
Project("{2150E333-8FDC-42A3-9474-1A3956D46DE8}") = "Labfiles-finish", "Labfiles-finish", "{59EDEA06-45EA-5936-9EA7-7BA1C56191A1}"
EndProject
Project("{FAE04EC0-301F-11D3-BF4B-00C04F79EFBC}") = "PVAgentWeb", "labs-dotnet\02-pv-agent\07-web-app\Labfiles-finish\PVAgentWeb.csproj", "{985F3F5C-3333-B7B3-D149-31779D760237}"
EndProject
Project("{2150E333-8FDC-42A3-9474-1A3956D46DE8}") = "05-submit-pv", "05-submit-pv", "{4A6A6F51-76EE-DD66-999D-3950B00983C3}"
EndProject
Project("{2150E333-8FDC-42A3-9474-1A3956D46DE8}") = "Labfiles", "Labfiles", "{12B2F52F-D31C-2438-A66C-6408F525D82A}"
EndProject
Project("{FAE04EC0-301F-11D3-BF4B-00C04F79EFBC}") = "PVAgent", "labs-dotnet\02-pv-agent\05-submit-pv\Labfiles\PVAgent.csproj", "{F266329F-ED47-8269-FA11-2EDABAAB2577}"
EndProject
Project("{2150E333-8FDC-42A3-9474-1A3956D46DE8}") = "Labfiles-finish", "Labfiles-finish", "{2E3A5B67-F5A4-FEF6-6B5F-363ED0D30FDD}"
EndProject
Project("{FAE04EC0-301F-11D3-BF4B-00C04F79EFBC}") = "PVAgent", "labs-dotnet\02-pv-agent\05-submit-pv\Labfiles-finish\PVAgent.csproj", "{FC55651F-D4F6-8EB2-C9DF-431AD9B64BFE}"
EndProject
Project("{2150E333-8FDC-42A3-9474-1A3956D46DE8}") = "04-function-tool", "04-function-tool", "{5E5E509C-231F-503D-43F3-9AA4F360AFAC}"
EndProject
Project("{2150E333-8FDC-42A3-9474-1A3956D46DE8}") = "Labfiles", "Labfiles", "{13F80DF7-CF01-24AC-0FE8-8B97053E0AA6}"
EndProject
Project("{FAE04EC0-301F-11D3-BF4B-00C04F79EFBC}") = "PVAgent", "labs-dotnet\02-pv-agent\04-function-tool\Labfiles\PVAgent.csproj", "{4DCBC251-E289-3BF3-5277-36E36F02E19F}"
EndProject
Project("{2150E333-8FDC-42A3-9474-1A3956D46DE8}") = "Labfiles-finish", "Labfiles-finish", "{D25022F6-1098-0A20-9354-C9B0B981C6F7}"
EndProject
Project("{FAE04EC0-301F-11D3-BF4B-00C04F79EFBC}") = "PVAgent", "labs-dotnet\02-pv-agent\04-function-tool\Labfiles-finish\PVAgent.csproj", "{119DB2E3-0FB8-386B-B137-D6978E242F55}"
EndProject
Project("{2150E333-8FDC-42A3-9474-1A3956D46DE8}") = "03-ma-agent", "03-ma-agent", "{24B3E8DB-829E-7D14-4019-0C9444D7DAA5}"
EndProject
Project("{2150E333-8FDC-42A3-9474-1A3956D46DE8}") = "01-setup", "01-setup", "{A2118F97-5B67-7540-BA2B-07B73AA75732}"
EndProject
Project("{2150E333-8FDC-42A3-9474-1A3956D46DE8}") = "Labfiles", "Labfiles", "{CA2236B7-4354-8C26-106B-05AB5D95D9D7}"
EndProject
Project("{FAE04EC0-301F-11D3-BF4B-00C04F79EFBC}") = "MAAgent", "labs-dotnet\03-ma-agent\01-setup\Labfiles\MAAgent.csproj", "{1000F990-9300-72E1-E769-818DFA9F7CED}"
EndProject
Project("{2150E333-8FDC-42A3-9474-1A3956D46DE8}") = "Labfiles-finish", "Labfiles-finish", "{1E9F07F8-F9A9-9FFB-AED3-92F140EC044B}"
EndProject
Project("{FAE04EC0-301F-11D3-BF4B-00C04F79EFBC}") = "MAAgent", "labs-dotnet\03-ma-agent\01-setup\Labfiles-finish\MAAgent.csproj", "{47293B02-232E-8CB5-F0C3-24EDEB50D605}"
EndProject
Project("{2150E333-8FDC-42A3-9474-1A3956D46DE8}") = "02-function-tools", "02-function-tools", "{847647D1-45E8-91D3-AF0D-1F83836A7CBA}"
EndProject
Project("{2150E333-8FDC-42A3-9474-1A3956D46DE8}") = "Labfiles", "Labfiles", "{042E3D27-7981-5C41-617B-041D4B333301}"
EndProject
Project("{FAE04EC0-301F-11D3-BF4B-00C04F79EFBC}") = "MAAgent", "labs-dotnet\03-ma-agent\02-function-tools\Labfiles\MAAgent.csproj", "{901597DC-ADD0-60C4-96D8-D17A7E68CF07}"
EndProject
Project("{2150E333-8FDC-42A3-9474-1A3956D46DE8}") = "Labfiles-finish", "Labfiles-finish", "{CF7DEFB2-EBED-B1C1-96A9-C31C109B7542}"
EndProject
Project("{FAE04EC0-301F-11D3-BF4B-00C04F79EFBC}") = "MAAgent", "labs-dotnet\03-ma-agent\02-function-tools\Labfiles-finish\MAAgent.csproj", "{30564695-E933-01AE-EDC1-64D15838AD9E}"
EndProject
Project("{2150E333-8FDC-42A3-9474-1A3956D46DE8}") = "03-cosmos-db", "03-cosmos-db", "{C2CC43A6-9BDC-F4B1-541C-7B3E483564DC}"
EndProject
Project("{2150E333-8FDC-42A3-9474-1A3956D46DE8}") = "Labfiles", "Labfiles", "{477DC524-4B10-7F4C-4E23-2A390BA1B474}"
EndProject
Project("{FAE04EC0-301F-11D3-BF4B-00C04F79EFBC}") = "MAAgent", "labs-dotnet\03-ma-agent\03-cosmos-db\Labfiles\MAAgent.csproj", "{ECC00E22-CCD5-5322-9F38-07322AB62A37}"
EndProject
Project("{2150E333-8FDC-42A3-9474-1A3956D46DE8}") = "Labfiles-finish", "Labfiles-finish", "{1825D7AC-5483-6194-40ED-EB29FEF2D10D}"
EndProject
Project("{FAE04EC0-301F-11D3-BF4B-00C04F79EFBC}") = "MAAgent", "labs-dotnet\03-ma-agent\03-cosmos-db\Labfiles-finish\MAAgent.csproj", "{9590EBC6-E422-8D12-2A8C-F2122F1BFB77}"
EndProject
Global
	GlobalSection(SolutionConfigurationPlatforms) = preSolution
		Debug|Any CPU = Debug|Any CPU
		Release|Any CPU = Release|Any CPU
	EndGlobalSection
	GlobalSection(ProjectConfigurationPlatforms) = postSolution
		{2E73BD9E-DBB0-59D8-9E1C-6A95CC9F7C90}.Debug|Any CPU.ActiveCfg = Debug|Any CPU
		{2E73BD9E-DBB0-59D8-9E1C-6A95CC9F7C90}.Debug|Any CPU.Build.0 = Debug|Any CPU
		{2E73BD9E-DBB0-59D8-9E1C-6A95CC9F7C90}.Release|Any CPU.ActiveCfg = Release|Any CPU
		{2E73BD9E-DBB0-59D8-9E1C-6A95CC9F7C90}.Release|Any CPU.Build.0 = Release|Any CPU
		{13DB3DF7-CD52-DF96-6CA4-61D88BB3AB9B}.Debug|Any CPU.ActiveCfg = Debug|Any CPU
		{13DB3DF7-CD52-DF96-6CA4-61D88BB3AB9B}.Debug|Any CPU.Build.0 = Debug|Any CPU
		{13DB3DF7-CD52-DF96-6CA4-61D88BB3AB9B}.Release|Any CPU.ActiveCfg = Release|Any CPU
		{13DB3DF7-CD52-DF96-6CA4-61D88BB3AB9B}.Release|Any CPU.Build.0 = Release|Any CPU
		{C667333F-F689-7FA4-F13F-D25EEE3DF473}.Debug|Any CPU.ActiveCfg = Debug|Any CPU
		{C667333F-F689-7FA4-F13F-D25EEE3DF473}.Debug|Any CPU.Build.0 = Debug|Any CPU
		{C667333F-F689-7FA4-F13F-D25EEE3DF473}.Release|Any CPU.ActiveCfg = Release|Any CPU
		{C667333F-F689-7FA4-F13F-D25EEE3DF473}.Release|Any CPU.Build.0 = Release|Any CPU
		{10867EC1-DD7D-7A75-6566-35B2CB1F270C}.Debug|Any CPU.ActiveCfg = Debug|Any CPU
		{10867EC1-DD7D-7A75-6566-35B2CB1F270C}.Debug|Any CPU.Build.0 = Debug|Any CPU
		{10867EC1-DD7D-7A75-6566-35B2CB1F270C}.Release|Any CPU.ActiveCfg = Release|Any CPU
		{10867EC1-DD7D-7A75-6566-35B2CB1F270C}.Release|Any CPU.Build.0 = Release|Any CPU
		{280D642F-C5D2-207B-943E-CE790AF3C33B}.Debug|Any CPU.ActiveCfg = Debug|Any CPU
		{280D642F-C5D2-207B-943E-CE790AF3C33B}.Debug|Any CPU.Build.0 = Debug|Any CPU
		{280D642F-C5D2-207B-943E-CE790AF3C33B}.Release|Any CPU.ActiveCfg = Release|Any CPU
		{280D642F-C5D2-207B-943E-CE790AF3C33B}.Release|Any CPU.Build.0 = Release|Any CPU
		{E907BD6E-3C69-115E-2BD5-49E10AA487D4}.Debug|Any CPU.ActiveCfg = Debug|Any CPU
		{E907BD6E-3C69-115E-2BD5-49E10AA487D4}.Debug|Any CPU.Build.0 = Debug|Any CPU
		{E907BD6E-3C69-115E-2BD5-49E10AA487D4}.Release|Any CPU.ActiveCfg = Release|Any CPU
		{E907BD6E-3C69-115E-2BD5-49E10AA487D4}.Release|Any CPU.Build.0 = Release|Any CPU
		{2CFFD8E8-2ED8-8D80-7C67-23036E498F5A}.Debug|Any CPU.ActiveCfg = Debug|Any CPU
		{2CFFD8E8-2ED8-8D80-7C67-23036E498F5A}.Debug|Any CPU.Build.0 = Debug|Any CPU
		{2CFFD8E8-2ED8-8D80-7C67-23036E498F5A}.Release|Any CPU.ActiveCfg = Release|Any CPU
		{2CFFD8E8-2ED8-8D80-7C67-23036E498F5A}.Release|Any CPU.Build.0 = Release|Any CPU
		{104A08C2-C7EB-A931-2DB3-849507B5C43E}.Debug|Any CPU.ActiveCfg = Debug|Any CPU
		{104A08C2-C7EB-A931-2DB3-849507B5C43E}.Debug|Any CPU.Build.0 = Debug|Any CPU
		{104A08C2-C7EB-A931-2DB3-849507B5C43E}.Release|Any CPU.ActiveCfg = Release|Any CPU
		{104A08C2-C7EB-A931-2DB3-849507B5C43E}.Release|Any CPU.Build.0 = Release|Any CPU
		{EF7ED5BB-EE9E-EDD0-65A9-2C56CF4956B1}.Debug|Any CPU.ActiveCfg = Debug|Any CPU
		{EF7ED5BB-EE9E-EDD0-65A9-2C56CF4956B1}.Debug|Any CPU.Build.0 = Debug|Any CPU
		{EF7ED5BB-EE9E-EDD0-65A9-2C56CF4956B1}.Release|Any CPU.ActiveCfg = Release|Any CPU
		{EF7ED5BB-EE9E-EDD0-65A9-2C56CF4956B1}.Release|Any CPU.Build.0 = Release|Any CPU
		{985F3F5C-3333-B7B3-D149-31779D760237}.Debug|Any CPU.ActiveCfg = Debug|Any CPU
		{985F3F5C-3333-B7B3-D149-31779D760237}.Debug|Any CPU.Build.0 = Debug|Any CPU
		{985F3F5C-3333-B7B3-D149-31779D760237}.Release|Any CPU.ActiveCfg = Release|Any CPU
		{985F3F5C-3333-B7B3-D149-31779D760237}.Release|Any CPU.Build.0 = Release|Any CPU
		{F266329F-ED47-8269-FA11-2EDABAAB2577}.Debug|Any CPU.ActiveCfg = Debug|Any CPU
		{F266329F-ED47-8269-FA11-2EDABAAB2577}.Debug|Any CPU.Build.0 = Debug|Any CPU
		{F266329F-ED47-8269-FA11-2EDABAAB2577}.Release|Any CPU.ActiveCfg = Release|Any CPU
		{F266329F-ED47-8269-FA11-2EDABAAB2577}.Release|Any CPU.Build.0 = Release|Any CPU
		{FC55651F-D4F6-8EB2-C9DF-431AD9B64BFE}.Debug|Any CPU.ActiveCfg = Debug|Any CPU
		{FC55651F-D4F6-8EB2-C9DF-431AD9B64BFE}.Debug|Any CPU.Build.0 = Debug|Any CPU
		{FC55651F-D4F6-8EB2-C9DF-431AD9B64BFE}.Release|Any CPU.ActiveCfg = Release|Any CPU
		{FC55651F-D4F6-8EB2-C9DF-431AD9B64BFE}.Release|Any CPU.Build.0 = Release|Any CPU
		{4DCBC251-E289-3BF3-5277-36E36F02E19F}.Debug|Any CPU.ActiveCfg = Debug|Any CPU
		{4DCBC251-E289-3BF3-5277-36E36F02E19F}.Debug|Any CPU.Build.0 = Debug|Any CPU
		{4DCBC251-E289-3BF3-5277-36E36F02E19F}.Release|Any CPU.ActiveCfg = Release|Any CPU
		{4DCBC251-E289-3BF3-5277-36E36F02E19F}.Release|Any CPU.Build.0 = Release|Any CPU
		{119DB2E3-0FB8-386B-B137-D6978E242F55}.Debug|Any CPU.ActiveCfg = Debug|Any CPU
		{119DB2E3-0FB8-386B-B137-D6978E242F55}.Debug|Any CPU.Build.0 = Debug|Any CPU
		{119DB2E3-0FB8-386B-B137-D6978E242F55}.Release|Any CPU.ActiveCfg = Release|Any CPU
		{119DB2E3-0FB8-386B-B137-D6978E242F55}.Release|Any CPU.Build.0 = Release|Any CPU
		{1000F990-9300-72E1-E769-818DFA9F7CED}.Debug|Any CPU.ActiveCfg = Debug|Any CPU
		{1000F990-9300-72E1-E769-818DFA9F7CED}.Debug|Any CPU.Build.0 = Debug|Any CPU
		{1000F990-9300-72E1-E769-818DFA9F7CED}.Release|Any CPU.ActiveCfg = Release|Any CPU
		{1000F990-9300-72E1-E769-818DFA9F7CED}.Release|Any CPU.Build.0 = Release|Any CPU
		{47293B02-232E-8CB5-F0C3-24EDEB50D605}.Debug|Any CPU.ActiveCfg = Debug|Any CPU
		{47293B02-232E-8CB5-F0C3-24EDEB50D605}.Debug|Any CPU.Build.0 = Debug|Any CPU
		{47293B02-232E-8CB5-F0C3-24EDEB50D605}.Release|Any CPU.ActiveCfg = Release|Any CPU
		{47293B02-232E-8CB5-F0C3-24EDEB50D605}.Release|Any CPU.Build.0 = Release|Any CPU
		{901597DC-ADD0-60C4-96D8-D17A7E68CF07}.Debug|Any CPU.ActiveCfg = Debug|Any CPU
		{901597DC-ADD0-60C4-96D8-D17A7E68CF07}.Debug|Any CPU.Build.0 = Debug|Any CPU
		{901597DC-ADD0-60C4-96D8-D17A7E68CF07}.Release|Any CPU.ActiveCfg = Release|Any CPU
		{901597DC-ADD0-60C4-96D8-D17A7E68CF07}.Release|Any CPU.Build.0 = Release|Any CPU
		{30564695-E933-01AE-EDC1-64D15838AD9E}.Debug|Any CPU.ActiveCfg = Debug|Any CPU
		{30564695-E933-01AE-EDC1-64D15838AD9E}.Debug|Any CPU.Build.0 = Debug|Any CPU
		{30564695-E933-01AE-EDC1-64D15838AD9E}.Release|Any CPU.ActiveCfg = Release|Any CPU
		{30564695-E933-01AE-EDC1-64D15838AD9E}.Release|Any CPU.Build.0 = Release|Any CPU
		{ECC00E22-CCD5-5322-9F38-07322AB62A37}.Debug|Any CPU.ActiveCfg = Debug|Any CPU
		{ECC00E22-CCD5-5322-9F38-07322AB62A37}.Debug|Any CPU.Build.0 = Debug|Any CPU
		{ECC00E22-CCD5-5322-9F38-07322AB62A37}.Release|Any CPU.ActiveCfg = Release|Any CPU
		{ECC00E22-CCD5-5322-9F38-07322AB62A37}.Release|Any CPU.Build.0 = Release|Any CPU
		{9590EBC6-E422-8D12-2A8C-F2122F1BFB77}.Debug|Any CPU.ActiveCfg = Debug|Any CPU
		{9590EBC6-E422-8D12-2A8C-F2122F1BFB77}.Debug|Any CPU.Build.0 = Debug|Any CPU
		{9590EBC6-E422-8D12-2A8C-F2122F1BFB77}.Release|Any CPU.ActiveCfg = Release|Any CPU
		{9590EBC6-E422-8D12-2A8C-F2122F1BFB77}.Release|Any CPU.Build.0 = Release|Any CPU
	EndGlobalSection
	GlobalSection(SolutionProperties) = preSolution
		HideSolutionNode = FALSE
	EndGlobalSection
	GlobalSection(NestedProjects) = preSolution
		{32CE948B-2910-99FC-E879-25E57D25E025} = {A54C678A-2529-7451-AB5E-920A7E77F1EA}
		{F50608E2-6F40-666D-AE02-2C99C2B06CA3} = {32CE948B-2910-99FC-E879-25E57D25E025}
		{0949C231-3F6B-0F68-9F76-EFA7C2E78157} = {F50608E2-6F40-666D-AE02-2C99C2B06CA3}
		{2E73BD9E-DBB0-59D8-9E1C-6A95CC9F7C90} = {0949C231-3F6B-0F68-9F76-EFA7C2E78157}
		{4A6A6DA3-28FA-85E2-1B96-3399FE9D265C} = {F50608E2-6F40-666D-AE02-2C99C2B06CA3}
		{13DB3DF7-CD52-DF96-6CA4-61D88BB3AB9B} = {4A6A6DA3-28FA-85E2-1B96-3399FE9D265C}
		{1D8D6D25-CC0C-5674-55C3-B4DFE2179060} = {32CE948B-2910-99FC-E879-25E57D25E025}
		{AC95056C-9B4E-9A83-0D66-A55F39C7AA11} = {1D8D6D25-CC0C-5674-55C3-B4DFE2179060}
		{C667333F-F689-7FA4-F13F-D25EEE3DF473} = {AC95056C-9B4E-9A83-0D66-A55F39C7AA11}
		{68FF7E82-B5F1-4953-69F9-3A7533A7B257} = {1D8D6D25-CC0C-5674-55C3-B4DFE2179060}
		{10867EC1-DD7D-7A75-6566-35B2CB1F270C} = {68FF7E82-B5F1-4953-69F9-3A7533A7B257}
		{EA01835A-A3EE-5A29-5607-EC2A10ACF27F} = {32CE948B-2910-99FC-E879-25E57D25E025}
		{01D00A2D-0749-FEAD-3E0C-8E81F9E126E7} = {EA01835A-A3EE-5A29-5607-EC2A10ACF27F}
		{280D642F-C5D2-207B-943E-CE790AF3C33B} = {01D00A2D-0749-FEAD-3E0C-8E81F9E126E7}
		{B6DBA08F-CC39-A200-61DB-1E0A652516F1} = {EA01835A-A3EE-5A29-5607-EC2A10ACF27F}
		{E907BD6E-3C69-115E-2BD5-49E10AA487D4} = {B6DBA08F-CC39-A200-61DB-1E0A652516F1}
		{0E79E3E9-1FC3-4EB5-A56B-36085F7BFD38} = {32CE948B-2910-99FC-E879-25E57D25E025}
		{E1776326-334A-DF7D-4FE1-43EB07751BB1} = {0E79E3E9-1FC3-4EB5-A56B-36085F7BFD38}
		{2CFFD8E8-2ED8-8D80-7C67-23036E498F5A} = {E1776326-334A-DF7D-4FE1-43EB07751BB1}
		{019C53D8-60A8-D780-3668-745656312F75} = {0E79E3E9-1FC3-4EB5-A56B-36085F7BFD38}
		{104A08C2-C7EB-A931-2DB3-849507B5C43E} = {019C53D8-60A8-D780-3668-745656312F75}
		{6F5A951B-0E22-7D22-012A-5F895C618202} = {32CE948B-2910-99FC-E879-25E57D25E025}
		{C0FC3E08-C16B-6F13-35D2-4043FD16B5EA} = {6F5A951B-0E22-7D22-012A-5F895C618202}
		{EF7ED5BB-EE9E-EDD0-65A9-2C56CF4956B1} = {C0FC3E08-C16B-6F13-35D2-4043FD16B5EA}
		{59EDEA06-45EA-5936-9EA7-7BA1C56191A1} = {6F5A951B-0E22-7D22-012A-5F895C618202}
		{985F3F5C-3333-B7B3-D149-31779D760237} = {59EDEA06-45EA-5936-9EA7-7BA1C56191A1}
		{4A6A6F51-76EE-DD66-999D-3950B00983C3} = {32CE948B-2910-99FC-E879-25E57D25E025}
		{12B2F52F-D31C-2438-A66C-6408F525D82A} = {4A6A6F51-76EE-DD66-999D-3950B00983C3}
		{F266329F-ED47-8269-FA11-2EDABAAB2577} = {12B2F52F-D31C-2438-A66C-6408F525D82A}
		{2E3A5B67-F5A4-FEF6-6B5F-363ED0D30FDD} = {4A6A6F51-76EE-DD66-999D-3950B00983C3}
		{FC55651F-D4F6-8EB2-C9DF-431AD9B64BFE} = {2E3A5B67-F5A4-FEF6-6B5F-363ED0D30FDD}
		{5E5E509C-231F-503D-43F3-9AA4F360AFAC} = {32CE948B-2910-99FC-E879-25E57D25E025}
		{13F80DF7-CF01-24AC-0FE8-8B97053E0AA6} = {5E5E509C-231F-503D-43F3-9AA4F360AFAC}
		{4DCBC251-E289-3BF3-5277-36E36F02E19F} = {13F80DF7-CF01-24AC-0FE8-8B97053E0AA6}
		{D25022F6-1098-0A20-9354-C9B0B981C6F7} = {5E5E509C-231F-503D-43F3-9AA4F360AFAC}
		{119DB2E3-0FB8-386B-B137-D6978E242F55} = {D25022F6-1098-0A20-9354-C9B0B981C6F7}
		{24B3E8DB-829E-7D14-4019-0C9444D7DAA5} = {A54C678A-2529-7451-AB5E-920A7E77F1EA}
		{A2118F97-5B67-7540-BA2B-07B73AA75732} = {24B3E8DB-829E-7D14-4019-0C9444D7DAA5}
		{CA2236B7-4354-8C26-106B-05AB5D95D9D7} = {A2118F97-5B67-7540-BA2B-07B73AA75732}
		{1000F990-9300-72E1-E769-818DFA9F7CED} = {CA2236B7-4354-8C26-106B-05AB5D95D9D7}
		{1E9F07F8-F9A9-9FFB-AED3-92F140EC044B} = {A2118F97-5B67-7540-BA2B-07B73AA75732}
		{47293B02-232E-8CB5-F0C3-24EDEB50D605} = {1E9F07F8-F9A9-9FFB-AED3-92F140EC044B}
		{847647D1-45E8-91D3-AF0D-1F83836A7CBA} = {24B3E8DB-829E-7D14-4019-0C9444D7DAA5}
		{042E3D27-7981-5C41-617B-041D4B333301} = {847647D1-45E8-91D3-AF0D-1F83836A7CBA}
		{901597DC-ADD0-60C4-96D8-D17A7E68CF07} = {042E3D27-7981-5C41-617B-041D4B333301}
		{CF7DEFB2-EBED-B1C1-96A9-C31C109B7542} = {847647D1-45E8-91D3-AF0D-1F83836A7CBA}
		{30564695-E933-01AE-EDC1-64D15838AD9E} = {CF7DEFB2-EBED-B1C1-96A9-C31C109B7542}
		{C2CC43A6-9BDC-F4B1-541C-7B3E483564DC} = {24B3E8DB-829E-7D14-4019-0C9444D7DAA5}
		{477DC524-4B10-7F4C-4E23-2A390BA1B474} = {C2CC43A6-9BDC-F4B1-541C-7B3E483564DC}
		{ECC00E22-CCD5-5322-9F38-07322AB62A37} = {477DC524-4B10-7F4C-4E23-2A390BA1B474}
		{1825D7AC-5483-6194-40ED-EB29FEF2D10D} = {C2CC43A6-9BDC-F4B1-541C-7B3E483564DC}
		{9590EBC6-E422-8D12-2A8C-F2122F1BFB77} = {1825D7AC-5483-6194-40ED-EB29FEF2D10D}
	EndGlobalSection
	GlobalSection(ExtensibilityGlobals) = postSolution
		SolutionGuid = {031A0756-16BC-4416-BEE0-4CB36F0CFF43}
	EndGlobalSection
EndGlobal
